
Microsoft Visual Studio Solution File, Format Version 12.00
# Visual Studio Version 16
VisualStudioVersion = 16.0.30204.135
MinimumVisualStudioVersion = 10.0.40219.1
Project("{FAE04EC0-301F-11D3-BF4B-00C04F79EFBC}") = "Roshambo", "Roshambo\Roshambo.csproj", "{D2AA6A8E-8687-44BF-B1F7-459DE13B68DF}"
EndProject
Project("{FAE04EC0-301F-11D3-BF4B-00C04F79EFBC}") = "RoshamboTest", "RoshamboTest\RoshamboTest.csproj", "{A39B7AF8-0A72-472D-9C1D-A3D0BCB17855}"
EndProject
Global
	GlobalSection(SolutionConfigurationPlatforms) = preSolution
		Debug|Any CPU = Debug|Any CPU
		Release|Any CPU = Release|Any CPU
	EndGlobalSection
	GlobalSection(ProjectConfigurationPlatforms) = postSolution
		{D2AA6A8E-8687-44BF-B1F7-459DE13B68DF}.Debug|Any CPU.ActiveCfg = Debug|Any CPU
		{D2AA6A8E-8687-44BF-B1F7-459DE13B68DF}.Debug|Any CPU.Build.0 = Debug|Any CPU
		{D2AA6A8E-8687-44BF-B1F7-459DE13B68DF}.Release|Any CPU.ActiveCfg = Release|Any CPU
		{D2AA6A8E-8687-44BF-B1F7-459DE13B68DF}.Release|Any CPU.Build.0 = Release|Any CPU
		{A39B7AF8-0A72-472D-9C1D-A3D0BCB17855}.Debug|Any CPU.ActiveCfg = Debug|Any CPU
		{A39B7AF8-0A72-472D-9C1D-A3D0BCB17855}.Debug|Any CPU.Build.0 = Debug|Any CPU
		{A39B7AF8-0A72-472D-9C1D-A3D0BCB17855}.Release|Any CPU.ActiveCfg = Release|Any CPU
		{A39B7AF8-0A72-472D-9C1D-A3D0BCB17855}.Release|Any CPU.Build.0 = Release|Any CPU
	EndGlobalSection
	GlobalSection(SolutionProperties) = preSolution
		HideSolutionNode = FALSE
	EndGlobalSection
	GlobalSection(ExtensibilityGlobals) = postSolution
		SolutionGuid = {C6CBDA2B-9952-4DA2-AE9C-746CA02E4552}
	EndGlobalSection
EndGlobal
